// !$*UTF8*$!
{
	archiveVersion = 1;
	classes = {
	};
	objectVersion = 56;
	objects = {

/* Begin PBXBuildFile section */
		9F3657B12FFFF72800E63392 /* PlayHubApp.swift in Sources */ = {isa = PBXBuildFile; fileRef = 9F3657B02FFFF72800E63392 /* PlayHubApp.swift */; };
		9F3657B42FFFF74800E63392 /* GameMode.swift in Sources */ = {isa = PBXBuildFile; fileRef = 9F3657B32FFFF74800E63392 /* GameMode.swift */; };
		9F3657B62FFFF76800E63392 /* GameSession.swift in Sources */ = {isa = PBXBuildFile; fileRef = 9F3657B52FFFF76800E63392 /* GameSession.swift */; };
		9F3657B82FFFF77400E63392 /* TriviaQuestion.swift in Sources */ = {isa = PBXBuildFile; fileRef = 9F3657B72FFFF77400E63392 /* TriviaQuestion.swift */; };
		9F3657BB2FFFF79300E63392 /* LocationService.swift in Sources */ = {isa = PBXBuildFile; fileRef = 9F3657BA2FFFF79300E63392 /* LocationService.swift */; };
		9F3657BD2FFFF7A100E63392 /* NotificationService.swift in Sources */ = {isa = PBXBuildFile; fileRef = 9F3657BC2FFFF7A100E63392 /* NotificationService.swift */; };
		9F3657BF2FFFF7AF00E63392 /* TriviaApi.swift in Sources */ = {isa = PBXBuildFile; fileRef = 9F3657BE2FFFF7AF00E63392 /* TriviaApi.swift */; };
		9F3657C22FFFF7CD00E63392 /* ResultView.swift in Sources */ = {isa = PBXBuildFile; fileRef = 9F3657C12FFFF7CD00E63392 /* ResultView.swift */; };
		9F3657C42FFFF7D900E63392 /* ScoreBadge.swift in Sources */ = {isa = PBXBuildFile; fileRef = 9F3657C32FFFF7D900E63392 /* ScoreBadge.swift */; };
		9F3657C82FFFF7FF00E63392 /* LightItUpView.swift in Sources */ = {isa = PBXBuildFile; fileRef = 9F3657C72FFFF7FF00E63392 /* LightItUpView.swift */; };
		9F3657CA2FFFF81300E63392 /* QuizRushView.swift in Sources */ = {isa = PBXBuildFile; fileRef = 9F3657C92FFFF81300E63392 /* QuizRushView.swift */; };
		9F3657CC2FFFF82A00E63392 /* TapFrenzyView.swift in Sources */ = {isa = PBXBuildFile; fileRef = 9F3657CB2FFFF82A00E63392 /* TapFrenzyView.swift */; };
		9F3657CF2FFFF84700E63392 /* HomeTab.swift in Sources */ = {isa = PBXBuildFile; fileRef = 9F3657CE2FFFF84700E63392 /* HomeTab.swift */; };
		9F3657D12FFFF85300E63392 /* MapTab.swift in Sources */ = {isa = PBXBuildFile; fileRef = 9F3657D02FFFF85300E63392 /* MapTab.swift */; };
		9F3657D32FFFF86400E63392 /* SettingsTab.swift in Sources */ = {isa = PBXBuildFile; fileRef = 9F3657D22FFFF86400E63392 /* SettingsTab.swift */; };
		9F3657D52FFFF87200E63392 /* StatsTab.swift in Sources */ = {isa = PBXBuildFile; fileRef = 9F3657D42FFFF87200E63392 /* StatsTab.swift */; };
		9F3657D82FFFFA2800E63392 /* LightItUpVM.swift in Sources */ = {isa = PBXBuildFile; fileRef = 9F3657D72FFFFA2800E63392 /* LightItUpVM.swift */; };
		9F3657DA2FFFFA3A00E63392 /* QuizRushVM.swift in Sources */ = {isa = PBXBuildFile; fileRef = 9F3657D92FFFFA3A00E63392 /* QuizRushVM.swift */; };
		9F3657DC2FFFFA4D00E63392 /* StatsVM.swift in Sources */ = {isa = PBXBuildFile; fileRef = 9F3657DB2FFFFA4D00E63392 /* StatsVM.swift */; };
		9F3657DE2FFFFA6B00E63392 /* TapFrenzyVM.swift in Sources */ = {isa = PBXBuildFile; fileRef = 9F3657DD2FFFFA6B00E63392 /* TapFrenzyVM.swift */; };
		9F622F1D2FDC5C8100324505 /* Tap_fancyApp.swift in Sources */ = {isa = PBXBuildFile; fileRef = 9F622F1C2FDC5C8100324505 /* Tap_fancyApp.swift */; };
		9F622F212FDC5C8A00324505 /* Assets.xcassets in Resources */ = {isa = PBXBuildFile; fileRef = 9F622F202FDC5C8A00324505 /* Assets.xcassets */; };
		9F622F242FDC5C8A00324505 /* Preview Assets.xcassets in Resources */ = {isa = PBXBuildFile; fileRef = 9F622F232FDC5C8A00324505 /* Preview Assets.xcassets */; };
		9F622F2E2FDC5C8B00324505 /* Tap_fancyTests.swift in Sources */ = {isa = PBXBuildFile; fileRef = 9F622F2D2FDC5C8B00324505 /* Tap_fancyTests.swift */; };
		9F622F382FDC5C8B00324505 /* Tap_fancyUITests.swift in Sources */ = {isa = PBXBuildFile; fileRef = 9F622F372FDC5C8B00324505 /* Tap_fancyUITests.swift */; };
		9F622F3A2FDC5C8B00324505 /* Tap_fancyUITestsLaunchTests.swift in Sources */ = {isa = PBXBuildFile; fileRef = 9F622F392FDC5C8B00324505 /* Tap_fancyUITestsLaunchTests.swift */; };
/* End PBXBuildFile section */

/* Begin PBXContainerItemProxy section */
		9F622F2A2FDC5C8B00324505 /* PBXContainerItemProxy */ = {
			isa = PBXContainerItemProxy;
			containerPortal = 9F622F112FDC5C8000324505 /* Project object */;
			proxyType = 1;
			remoteGlobalIDString = 9F622F182FDC5C8000324505;
			remoteInfo = "Tap fancy";
		};
		9F622F342FDC5C8B00324505 /* PBXContainerItemProxy */ = {
			isa = PBXContainerItemProxy;
			containerPortal = 9F622F112FDC5C8000324505 /* Project object */;
			proxyType = 1;
			remoteGlobalIDString = 9F622F182FDC5C8000324505;
			remoteInfo = "Tap fancy";
		};
/* End PBXContainerItemProxy section */

/* Begin PBXFileReference section */
		9F3657B02FFFF72800E63392 /* PlayHubApp.swift */ = {isa = PBXFileReference; lastKnownFileType = sourcecode.swift; path = PlayHubApp.swift; sourceTree = "<group>"; };
		9F3657B32FFFF74800E63392 /* GameMode.swift */ = {isa = PBXFileReference; lastKnownFileType = sourcecode.swift; path = GameMode.swift; sourceTree = "<group>"; };
		9F3657B52FFFF76800E63392 /* GameSession.swift */ = {isa = PBXFileReference; lastKnownFileType = sourcecode.swift; path = GameSession.swift; sourceTree = "<group>"; };
		9F3657B72FFFF77400E63392 /* TriviaQuestion.swift */ = {isa = PBXFileReference; lastKnownFileType = sourcecode.swift; path = TriviaQuestion.swift; sourceTree = "<group>"; };
		9F3657BA2FFFF79300E63392 /* LocationService.swift */ = {isa = PBXFileReference; lastKnownFileType = sourcecode.swift; path = LocationService.swift; sourceTree = "<group>"; };
		9F3657BC2FFFF7A100E63392 /* NotificationService.swift */ = {isa = PBXFileReference; lastKnownFileType = sourcecode.swift; path = NotificationService.swift; sourceTree = "<group>"; };
		9F3657BE2FFFF7AF00E63392 /* TriviaApi.swift */ = {isa = PBXFileReference; lastKnownFileType = sourcecode.swift; path = TriviaApi.swift; sourceTree = "<group>"; };
		9F3657C12FFFF7CD00E63392 /* ResultView.swift */ = {isa = PBXFileReference; lastKnownFileType = sourcecode.swift; path = ResultView.swift; sourceTree = "<group>"; };
		9F3657C32FFFF7D900E63392 /* ScoreBadge.swift */ = {isa = PBXFileReference; lastKnownFileType = sourcecode.swift; path = ScoreBadge.swift; sourceTree = "<group>"; };
		9F3657C72FFFF7FF00E63392 /* LightItUpView.swift */ = {isa = PBXFileReference; lastKnownFileType = sourcecode.swift; path = LightItUpView.swift; sourceTree = "<group>"; };
		9F3657C92FFFF81300E63392 /* QuizRushView.swift */ = {isa = PBXFileReference; lastKnownFileType = sourcecode.swift; path = QuizRushView.swift; sourceTree = "<group>"; };
		9F3657CB2FFFF82A00E63392 /* TapFrenzyView.swift */ = {isa = PBXFileReference; lastKnownFileType = sourcecode.swift; path = TapFrenzyView.swift; sourceTree = "<group>"; };
		9F3657CE2FFFF84700E63392 /* HomeTab.swift */ = {isa = PBXFileReference; lastKnownFileType = sourcecode.swift; path = HomeTab.swift; sourceTree = "<group>"; };
		9F3657D02FFFF85300E63392 /* MapTab.swift */ = {isa = PBXFileReference; lastKnownFileType = sourcecode.swift; path = MapTab.swift; sourceTree = "<group>"; };
		9F3657D22FFFF86400E63392 /* SettingsTab.swift */ = {isa = PBXFileReference; lastKnownFileType = sourcecode.swift; path = SettingsTab.swift; sourceTree = "<group>"; };
		9F3657D42FFFF87200E63392 /* StatsTab.swift */ = {isa = PBXFileReference; lastKnownFileType = sourcecode.swift; path = StatsTab.swift; sourceTree = "<group>"; };
		9F3657D72FFFFA2800E63392 /* LightItUpVM.swift */ = {isa = PBXFileReference; lastKnownFileType = sourcecode.swift; path = LightItUpVM.swift; sourceTree = "<group>"; };
		9F3657D92FFFFA3A00E63392 /* QuizRushVM.swift */ = {isa = PBXFileReference; lastKnownFileType = sourcecode.swift; path = QuizRushVM.swift; sourceTree = "<group>"; };
		9F3657DB2FFFFA4D00E63392 /* StatsVM.swift */ = {isa = PBXFileReference; lastKnownFileType = sourcecode.swift; path = StatsVM.swift; sourceTree = "<group>"; };
		9F3657DD2FFFFA6B00E63392 /* TapFrenzyVM.swift */ = {isa = PBXFileReference; lastKnownFileType = sourcecode.swift; path = TapFrenzyVM.swift; sourceTree = "<group>"; };
		9F622F192FDC5C8100324505 /* Tap fancy.app */ = {isa = PBXFileReference; explicitFileType = wrapper.application; includeInIndex = 0; path = "Tap fancy.app"; sourceTree = BUILT_PRODUCTS_DIR; };
		9F622F1C2FDC5C8100324505 /* Tap_fancyApp.swift */ = {isa = PBXFileReference; lastKnownFileType = sourcecode.swift; path = Tap_fancyApp.swift; sourceTree = "<group>"; };
		9F622F202FDC5C8A00324505 /* Assets.xcassets */ = {isa = PBXFileReference; lastKnownFileType = folder.assetcatalog; path = Assets.xcassets; sourceTree = "<group>"; };
		9F622F232FDC5C8A00324505 /* Preview Assets.xcassets */ = {isa = PBXFileReference; lastKnownFileType = folder.assetcatalog; path = "Preview Assets.xcassets"; sourceTree = "<group>"; };
		9F622F292FDC5C8B00324505 /* Tap fancyTests.xctest */ = {isa = PBXFileReference; explicitFileType = wrapper.cfbundle; includeInIndex = 0; path = "Tap fancyTests.xctest"; sourceTree = BUILT_PRODUCTS_DIR; };
		9F622F2D2FDC5C8B00324505 /* Tap_fancyTests.swift */ = {isa = PBXFileReference; lastKnownFileType = sourcecode.swift; path = Tap_fancyTests.swift; sourceTree = "<group>"; };
		9F622F332FDC5C8B00324505 /* Tap fancyUITests.xctest */ = {isa = PBXFileReference; explicitFileType = wrapper.cfbundle; includeInIndex = 0; path = "Tap fancyUITests.xctest"; sourceTree = BUILT_PRODUCTS_DIR; };
		9F622F372FDC5C8B00324505 /* Tap_fancyUITests.swift */ = {isa = PBXFileReference; lastKnownFileType = sourcecode.swift; path = Tap_fancyUITests.swift; sourceTree = "<group>"; };
		9F622F392FDC5C8B00324505 /* Tap_fancyUITestsLaunchTests.swift */ = {isa = PBXFileReference; lastKnownFileType = sourcecode.swift; path = Tap_fancyUITestsLaunchTests.swift; sourceTree = "<group>"; };
/* End PBXFileReference section */

/* Begin PBXFrameworksBuildPhase section */
		9F622F162FDC5C8000324505 /* Frameworks */ = {
			isa = PBXFrameworksBuildPhase;
			buildActionMask = 2147483647;
			files = (
			);
			runOnlyForDeploymentPostprocessing = 0;
		};
		9F622F262FDC5C8B00324505 /* Frameworks */ = {
			isa = PBXFrameworksBuildPhase;
			buildActionMask = 2147483647;
			files = (
			);
			runOnlyForDeploymentPostprocessing = 0;
		};
		9F622F302FDC5C8B00324505 /* Frameworks */ = {
			isa = PBXFrameworksBuildPhase;
			buildActionMask = 2147483647;
			files = (
			);
			runOnlyForDeploymentPostprocessing = 0;
		};
/* End PBXFrameworksBuildPhase section */

/* Begin PBXGroup section */
		9F3657AE2FFFF6DF00E63392 /* PlayHubApp */ = {
			isa = PBXGroup;
			children = (
				9F3657D62FFFFA1100E63392 /* ViewModels */,
				9F3657C52FFFF7DD00E63392 /* Views */,
				9F3657C02FFFF7B600E63392 /* Shared */,
				9F3657B92FFFF78000E63392 /* Services */,
				9F3657B22FFFF73300E63392 /* Models */,
				9F3657AF2FFFF70E00E63392 /* App */,
			);
			path = PlayHubApp;
			sourceTree = "<group>";
		};
		9F3657AF2FFFF70E00E63392 /* App */ = {
			isa = PBXGroup;
			children = (
				9F3657B02FFFF72800E63392 /* PlayHubApp.swift */,
			);
			path = App;
			sourceTree = "<group>";
		};
		9F3657B22FFFF73300E63392 /* Models */ = {
			isa = PBXGroup;
			children = (
				9F3657B32FFFF74800E63392 /* GameMode.swift */,
				9F3657B52FFFF76800E63392 /* GameSession.swift */,
				9F3657B72FFFF77400E63392 /* TriviaQuestion.swift */,
			);
			path = Models;
			sourceTree = "<group>";
		};
		9F3657B92FFFF78000E63392 /* Services */ = {
			isa = PBXGroup;
			children = (
				9F3657BA2FFFF79300E63392 /* LocationService.swift */,
				9F3657BC2FFFF7A100E63392 /* NotificationService.swift */,
				9F3657BE2FFFF7AF00E63392 /* TriviaApi.swift */,
			);
			path = Services;
			sourceTree = "<group>";
		};
		9F3657C02FFFF7B600E63392 /* Shared */ = {
			isa = PBXGroup;
			children = (
				9F3657C12FFFF7CD00E63392 /* ResultView.swift */,
				9F3657C32FFFF7D900E63392 /* ScoreBadge.swift */,
			);
			path = Shared;
			sourceTree = "<group>";
		};
		9F3657C52FFFF7DD00E63392 /* Views */ = {
			isa = PBXGroup;
			children = (
				9F3657CD2FFFF83200E63392 /* Tabs */,
				9F3657C62FFFF7E700E63392 /* Games */,
			);
			path = Views;
			sourceTree = "<group>";
		};
		9F3657C62FFFF7E700E63392 /* Games */ = {
			isa = PBXGroup;
			children = (
				9F3657C72FFFF7FF00E63392 /* LightItUpView.swift */,
				9F3657C92FFFF81300E63392 /* QuizRushView.swift */,
				9F3657CB2FFFF82A00E63392 /* TapFrenzyView.swift */,
			);
			path = Games;
			sourceTree = "<group>";
		};
		9F3657CD2FFFF83200E63392 /* Tabs */ = {
			isa = PBXGroup;
			children = (
				9F3657CE2FFFF84700E63392 /* HomeTab.swift */,
				9F3657D02FFFF85300E63392 /* MapTab.swift */,
				9F3657D22FFFF86400E63392 /* SettingsTab.swift */,
				9F3657D42FFFF87200E63392 /* StatsTab.swift */,
			);
			path = Tabs;
			sourceTree = "<group>";
		};
		9F3657D62FFFFA1100E63392 /* ViewModels */ = {
			isa = PBXGroup;
			children = (
				9F3657D72FFFFA2800E63392 /* LightItUpVM.swift */,
				9F3657D92FFFFA3A00E63392 /* QuizRushVM.swift */,
				9F3657DB2FFFFA4D00E63392 /* StatsVM.swift */,
				9F3657DD2FFFFA6B00E63392 /* TapFrenzyVM.swift */,
			);
			path = ViewModels;
			sourceTree = "<group>";
		};
		9F622F102FDC5C8000324505 = {
			isa = PBXGroup;
			children = (
				9F3657AE2FFFF6DF00E63392 /* PlayHubApp */,
				9F622F1B2FDC5C8100324505 /* Tap fancy */,
				9F622F2C2FDC5C8B00324505 /* Tap fancyTests */,
				9F622F362FDC5C8B00324505 /* Tap fancyUITests */,
				9F622F1A2FDC5C8100324505 /* Products */,
			);
			sourceTree = "<group>";
		};
		9F622F1A2FDC5C8100324505 /* Products */ = {
			isa = PBXGroup;
			children = (
				9F622F192FDC5C8100324505 /* Tap fancy.app */,
				9F622F292FDC5C8B00324505 /* Tap fancyTests.xctest */,
				9F622F332FDC5C8B00324505 /* Tap fancyUITests.xctest */,
			);
			name = Products;
			sourceTree = "<group>";
		};
		9F622F1B2FDC5C8100324505 /* Tap fancy */ = {
			isa = PBXGroup;
			children = (
				9F622F1C2FDC5C8100324505 /* Tap_fancyApp.swift */,
				9F622F202FDC5C8A00324505 /* Assets.xcassets */,
				9F622F222FDC5C8A00324505 /* Preview Content */,
			);
			path = "Tap fancy";
			sourceTree = "<group>";
		};
		9F622F222FDC5C8A00324505 /* Preview Content */ = {
			isa = PBXGroup;
			children = (
				9F622F232FDC5C8A00324505 /* Preview Assets.xcassets */,
			);
			path = "Preview Content";
			sourceTree = "<group>";
		};
		9F622F2C2FDC5C8B00324505 /* Tap fancyTests */ = {
			isa = PBXGroup;
			children = (
				9F622F2D2FDC5C8B00324505 /* Tap_fancyTests.swift */,
			);
			path = "Tap fancyTests";
			sourceTree = "<group>";
		};
		9F622F362FDC5C8B00324505 /* Tap fancyUITests */ = {
			isa = PBXGroup;
			children = (
				9F622F372FDC5C8B00324505 /* Tap_fancyUITests.swift */,
				9F622F392FDC5C8B00324505 /* Tap_fancyUITestsLaunchTests.swift */,
			);
			path = "Tap fancyUITests";
			sourceTree = "<group>";
		};
/* End PBXGroup section */

/* Begin PBXNativeTarget section */
		9F622F182FDC5C8000324505 /* Tap fancy */ = {
			isa = PBXNativeTarget;
			buildConfigurationList = 9F622F3D2FDC5C8B00324505 /* Build configuration list for PBXNativeTarget "Tap fancy" */;
			buildPhases = (
				9F622F152FDC5C8000324505 /* Sources */,
				9F622F162FDC5C8000324505 /* Frameworks */,
				9F622F172FDC5C8000324505 /* Resources */,
			);
			buildRules = (
			);
			dependencies = (
			);
			name = "Tap fancy";
			productName = "Tap fancy";
			productReference = 9F622F192FDC5C8100324505 /* Tap fancy.app */;
			productType = "com.apple.product-type.application";
		};
		9F622F282FDC5C8B00324505 /* Tap fancyTests */ = {
			isa = PBXNativeTarget;
			buildConfigurationList = 9F622F402FDC5C8B00324505 /* Build configuration list for PBXNativeTarget "Tap fancyTests" */;
			buildPhases = (
				9F622F252FDC5C8B00324505 /* Sources */,
				9F622F262FDC5C8B00324505 /* Frameworks */,
				9F622F272FDC5C8B00324505 /* Resources */,
			);
			buildRules = (
			);
			dependencies = (
				9F622F2B2FDC5C8B00324505 /* PBXTargetDependency */,
			);
			name = "Tap fancyTests";
			productName = "Tap fancyTests";
			productReference = 9F622F292FDC5C8B00324505 /* Tap fancyTests.xctest */;
			productType = "com.apple.product-type.bundle.unit-test";
		};
		9F622F322FDC5C8B00324505 /* Tap fancyUITests */ = {
			isa = PBXNativeTarget;
			buildConfigurationList = 9F622F432FDC5C8B00324505 /* Build configuration list for PBXNativeTarget "Tap fancyUITests" */;
			buildPhases = (
				9F622F2F2FDC5C8B00324505 /* Sources */,
				9F622F302FDC5C8B00324505 /* Frameworks */,
				9F622F312FDC5C8B00324505 /* Resources */,
			);
			buildRules = (
			);
			dependencies = (
				9F622F352FDC5C8B00324505 /* PBXTargetDependency */,
			);
			name = "Tap fancyUITests";
			productName = "Tap fancyUITests";
			productReference = 9F622F332FDC5C8B00324505 /* Tap fancyUITests.xctest */;
			productType = "com.apple.product-type.bundle.ui-testing";
		};
/* End PBXNativeTarget section */

/* Begin PBXProject section */
		9F622F112FDC5C8000324505 /* Project object */ = {
			isa = PBXProject;
			attributes = {
				BuildIndependentTargetsInParallel = 1;
				LastSwiftUpdateCheck = 1520;
				LastUpgradeCheck = 1520;
				TargetAttributes = {
					9F622F182FDC5C8000324505 = {
						CreatedOnToolsVersion = 15.2;
					};
					9F622F282FDC5C8B00324505 = {
						CreatedOnToolsVersion = 15.2;
						TestTargetID = 9F622F182FDC5C8000324505;
					};
					9F622F322FDC5C8B00324505 = {
						CreatedOnToolsVersion = 15.2;
						TestTargetID = 9F622F182FDC5C8000324505;
					};
				};
			};
			buildConfigurationList = 9F622F142FDC5C8000324505 /* Build configuration list for PBXProject "Tap fancy" */;
			compatibilityVersion = "Xcode 14.0";
			developmentRegion = en;
			hasScannedForEncodings = 0;
			knownRegions = (
				en,
				Base,
			);
			mainGroup = 9F622F102FDC5C8000324505;
			productRefGroup = 9F622F1A2FDC5C8100324505 /* Products */;
			projectDirPath = "";
			projectRoot = "";
			targets = (
				9F622F182FDC5C8000324505 /* Tap fancy */,
				9F622F282FDC5C8B00324505 /* Tap fancyTests */,
				9F622F322FDC5C8B00324505 /* Tap fancyUITests */,
			);
		};
/* End PBXProject section */

/* Begin PBXResourcesBuildPhase section */
		9F622F172FDC5C8000324505 /* Resources */ = {
			isa = PBXResourcesBuildPhase;
			buildActionMask = 2147483647;
			files = (
				9F622F242FDC5C8A00324505 /* Preview Assets.xcassets in Resources */,
				9F622F212FDC5C8A00324505 /* Assets.xcassets in Resources */,
			);
			runOnlyForDeploymentPostprocessing = 0;
		};
		9F622F272FDC5C8B00324505 /* Resources */ = {
			isa = PBXResourcesBuildPhase;
			buildActionMask = 2147483647;
			files = (
			);
			runOnlyForDeploymentPostprocessing = 0;
		};
		9F622F312FDC5C8B00324505 /* Resources */ = {
			isa = PBXResourcesBuildPhase;
			buildActionMask = 2147483647;
			files = (
			);
			runOnlyForDeploymentPostprocessing = 0;
		};
/* End PBXResourcesBuildPhase section */

/* Begin PBXSourcesBuildPhase section */
		9F622F152FDC5C8000324505 /* Sources */ = {
			isa = PBXSourcesBuildPhase;
			buildActionMask = 2147483647;
			files = (
				9F3657B12FFFF72800E63392 /* PlayHubApp.swift in Sources */,
				9F3657C22FFFF7CD00E63392 /* ResultView.swift in Sources */,
				9F3657BB2FFFF79300E63392 /* LocationService.swift in Sources */,
				9F3657DE2FFFFA6B00E63392 /* TapFrenzyVM.swift in Sources */,
				9F3657CC2FFFF82A00E63392 /* TapFrenzyView.swift in Sources */,
				9F3657DC2FFFFA4D00E63392 /* StatsVM.swift in Sources */,
				9F3657DA2FFFFA3A00E63392 /* QuizRushVM.swift in Sources */,
				9F3657D82FFFFA2800E63392 /* LightItUpVM.swift in Sources */,
				9F3657C82FFFF7FF00E63392 /* LightItUpView.swift in Sources */,
				9F3657CA2FFFF81300E63392 /* QuizRushView.swift in Sources */,
				9F622F1D2FDC5C8100324505 /* Tap_fancyApp.swift in Sources */,
				9F3657D32FFFF86400E63392 /* SettingsTab.swift in Sources */,
				9F3657CF2FFFF84700E63392 /* HomeTab.swift in Sources */,
				9F3657C42FFFF7D900E63392 /* ScoreBadge.swift in Sources */,
				9F3657BF2FFFF7AF00E63392 /* TriviaApi.swift in Sources */,
				9F3657B42FFFF74800E63392 /* GameMode.swift in Sources */,
				9F3657D52FFFF87200E63392 /* StatsTab.swift in Sources */,
				9F3657BD2FFFF7A100E63392 /* NotificationService.swift in Sources */,
				9F3657B82FFFF77400E63392 /* TriviaQuestion.swift in Sources */,
				9F3657D12FFFF85300E63392 /* MapTab.swift in Sources */,
				9F3657B62FFFF76800E63392 /* GameSession.swift in Sources */,
			);
			runOnlyForDeploymentPostprocessing = 0;
		};
		9F622F252FDC5C8B00324505 /* Sources */ = {
			isa = PBXSourcesBuildPhase;
			buildActionMask = 2147483647;
			files = (
				9F622F2E2FDC5C8B00324505 /* Tap_fancyTests.swift in Sources */,
			);
			runOnlyForDeploymentPostprocessing = 0;
		};
		9F622F2F2FDC5C8B00324505 /* Sources */ = {
			isa = PBXSourcesBuildPhase;
			buildActionMask = 2147483647;
			files = (
				9F622F3A2FDC5C8B00324505 /* Tap_fancyUITestsLaunchTests.swift in Sources */,
				9F622F382FDC5C8B00324505 /* Tap_fancyUITests.swift in Sources */,
			);
			runOnlyForDeploymentPostprocessing = 0;
		};
/* End PBXSourcesBuildPhase section */

/* Begin PBXTargetDependency section */
		9F622F2B2FDC5C8B00324505 /* PBXTargetDependency */ = {
			isa = PBXTargetDependency;
			target = 9F622F182FDC5C8000324505 /* Tap fancy */;
			targetProxy = 9F622F2A2FDC5C8B00324505 /* PBXContainerItemProxy */;
		};
		9F622F352FDC5C8B00324505 /* PBXTargetDependency */ = {
			isa = PBXTargetDependency;
			target = 9F622F182FDC5C8000324505 /* Tap fancy */;
			targetProxy = 9F622F342FDC5C8B00324505 /* PBXContainerItemProxy */;
		};
/* End PBXTargetDependency section */

/* Begin XCBuildConfiguration section */
		9F622F3B2FDC5C8B00324505 /* Debug */ = {
			isa = XCBuildConfiguration;
			buildSettings = {
				ALWAYS_SEARCH_USER_PATHS = NO;
				ASSETCATALOG_COMPILER_GENERATE_SWIFT_ASSET_SYMBOL_EXTENSIONS = YES;
				CLANG_ANALYZER_NONNULL = YES;
				CLANG_ANALYZER_NUMBER_OBJECT_CONVERSION = YES_AGGRESSIVE;
				CLANG_CXX_LANGUAGE_STANDARD = "gnu++20";
				CLANG_ENABLE_MODULES = YES;
				CLANG_ENABLE_OBJC_ARC = YES;
				CLANG_ENABLE_OBJC_WEAK = YES;
				CLANG_WARN_BLOCK_CAPTURE_AUTORELEASING = YES;
				CLANG_WARN_BOOL_CONVERSION = YES;
				CLANG_WARN_COMMA = YES;
				CLANG_WARN_CONSTANT_CONVERSION = YES;
				CLANG_WARN_DEPRECATED_OBJC_IMPLEMENTATIONS = YES;
				CLANG_WARN_DIRECT_OBJC_ISA_USAGE = YES_ERROR;
				CLANG_WARN_DOCUMENTATION_COMMENTS = YES;
				CLANG_WARN_EMPTY_BODY = YES;
				CLANG_WARN_ENUM_CONVERSION = YES;
				CLANG_WARN_INFINITE_RECURSION = YES;
				CLANG_WARN_INT_CONVERSION = YES;
				CLANG_WARN_NON_LITERAL_NULL_CONVERSION = YES;
				CLANG_WARN_OBJC_IMPLICIT_RETAIN_SELF = YES;
				CLANG_WARN_OBJC_LITERAL_CONVERSION = YES;
				CLANG_WARN_OBJC_ROOT_CLASS = YES_ERROR;
				CLANG_WARN_QUOTED_INCLUDE_IN_FRAMEWORK_HEADER = YES;
				CLANG_WARN_RANGE_LOOP_ANALYSIS = YES;
				CLANG_WARN_STRICT_PROTOTYPES = YES;
				CLANG_WARN_SUSPICIOUS_MOVE = YES;
				CLANG_WARN_UNGUARDED_AVAILABILITY = YES_AGGRESSIVE;
				CLANG_WARN_UNREACHABLE_CODE = YES;
				CLANG_WARN__DUPLICATE_METHOD_MATCH = YES;
				COPY_PHASE_STRIP = NO;
				DEBUG_INFORMATION_FORMAT = dwarf;
				ENABLE_STRICT_OBJC_MSGSEND = YES;
				ENABLE_TESTABILITY = YES;
				ENABLE_USER_SCRIPT_SANDBOXING = YES;
				GCC_C_LANGUAGE_STANDARD = gnu17;
				GCC_DYNAMIC_NO_PIC = NO;
				GCC_NO_COMMON_BLOCKS = YES;
				GCC_OPTIMIZATION_LEVEL = 0;
				GCC_PREPROCESSOR_DEFINITIONS = (
					"DEBUG=1",
					"$(inherited)",
				);
				GCC_WARN_64_TO_32_BIT_CONVERSION = YES;
				GCC_WARN_ABOUT_RETURN_TYPE = YES_ERROR;
				GCC_WARN_UNDECLARED_SELECTOR = YES;
				GCC_WARN_UNINITIALIZED_AUTOS = YES_AGGRESSIVE;
				GCC_WARN_UNUSED_FUNCTION = YES;
				GCC_WARN_UNUSED_VARIABLE = YES;
				IPHONEOS_DEPLOYMENT_TARGET = 17.2;
				LOCALIZATION_PREFERS_STRING_CATALOGS = YES;
				MTL_ENABLE_DEBUG_INFO = INCLUDE_SOURCE;
				MTL_FAST_MATH = YES;
				ONLY_ACTIVE_ARCH = YES;
				SDKROOT = iphoneos;
				SWIFT_ACTIVE_COMPILATION_CONDITIONS = "DEBUG $(inherited)";
				SWIFT_OPTIMIZATION_LEVEL = "-Onone";
			};
			name = Debug;
		};
		9F622F3C2FDC5C8B00324505 /* Release */ = {
			isa = XCBuildConfiguration;
			buildSettings = {
				ALWAYS_SEARCH_USER_PATHS = NO;
				ASSETCATALOG_COMPILER_GENERATE_SWIFT_ASSET_SYMBOL_EXTENSIONS = YES;
				CLANG_ANALYZER_NONNULL = YES;
				CLANG_ANALYZER_NUMBER_OBJECT_CONVERSION = YES_AGGRESSIVE;
				CLANG_CXX_LANGUAGE_STANDARD = "gnu++20";
				CLANG_ENABLE_MODULES = YES;
				CLANG_ENABLE_OBJC_ARC = YES;
				CLANG_ENABLE_OBJC_WEAK = YES;
				CLANG_WARN_BLOCK_CAPTURE_AUTORELEASING = YES;
				CLANG_WARN_BOOL_CONVERSION = YES;
				CLANG_WARN_COMMA = YES;
				CLANG_WARN_CONSTANT_CONVERSION = YES;
				CLANG_WARN_DEPRECATED_OBJC_IMPLEMENTATIONS = YES;
				CLANG_WARN_DIRECT_OBJC_ISA_USAGE = YES_ERROR;
				CLANG_WARN_DOCUMENTATION_COMMENTS = YES;
				CLANG_WARN_EMPTY_BODY = YES;
				CLANG_WARN_ENUM_CONVERSION = YES;
				CLANG_WARN_INFINITE_RECURSION = YES;
				CLANG_WARN_INT_CONVERSION = YES;
				CLANG_WARN_NON_LITERAL_NULL_CONVERSION = YES;
				CLANG_WARN_OBJC_IMPLICIT_RETAIN_SELF = YES;
				CLANG_WARN_OBJC_LITERAL_CONVERSION = YES;
				CLANG_WARN_OBJC_ROOT_CLASS = YES_ERROR;
				CLANG_WARN_QUOTED_INCLUDE_IN_FRAMEWORK_HEADER = YES;
				CLANG_WARN_RANGE_LOOP_ANALYSIS = YES;
				CLANG_WARN_STRICT_PROTOTYPES = YES;
				CLANG_WARN_SUSPICIOUS_MOVE = YES;
				CLANG_WARN_UNGUARDED_AVAILABILITY = YES_AGGRESSIVE;
				CLANG_WARN_UNREACHABLE_CODE = YES;
				CLANG_WARN__DUPLICATE_METHOD_MATCH = YES;
				COPY_PHASE_STRIP = NO;
				DEBUG_INFORMATION_FORMAT = "dwarf-with-dsym";
				ENABLE_NS_ASSERTIONS = NO;
				ENABLE_STRICT_OBJC_MSGSEND = YES;
				ENABLE_USER_SCRIPT_SANDBOXING = YES;
				GCC_C_LANGUAGE_STANDARD = gnu17;
				GCC_NO_COMMON_BLOCKS = YES;
				GCC_WARN_64_TO_32_BIT_CONVERSION = YES;
				GCC_WARN_ABOUT_RETURN_TYPE = YES_ERROR;
				GCC_WARN_UNDECLARED_SELECTOR = YES;
				GCC_WARN_UNINITIALIZED_AUTOS = YES_AGGRESSIVE;
				GCC_WARN_UNUSED_FUNCTION = YES;
				GCC_WARN_UNUSED_VARIABLE = YES;
				IPHONEOS_DEPLOYMENT_TARGET = 17.2;
				LOCALIZATION_PREFERS_STRING_CATALOGS = YES;
				MTL_ENABLE_DEBUG_INFO = NO;
				MTL_FAST_MATH = YES;
				SDKROOT = iphoneos;
				SWIFT_COMPILATION_MODE = wholemodule;
				VALIDATE_PRODUCT = YES;
			};
			name = Release;
		};
		9F622F3E2FDC5C8B00324505 /* Debug */ = {
			isa = XCBuildConfiguration;
			buildSettings = {
				ASSETCATALOG_COMPILER_APPICON_NAME = AppIcon;
				ASSETCATALOG_COMPILER_GLOBAL_ACCENT_COLOR_NAME = AccentColor;
				CODE_SIGN_STYLE = Automatic;
				CURRENT_PROJECT_VERSION = 1;
				DEVELOPMENT_ASSET_PATHS = "\"Tap fancy/Preview Content\"";
				DEVELOPMENT_TEAM = 3D3KVDMTWG;
				ENABLE_PREVIEWS = YES;
				GENERATE_INFOPLIST_FILE = YES;
				INFOPLIST_KEY_UIApplicationSceneManifest_Generation = YES;
				INFOPLIST_KEY_UIApplicationSupportsIndirectInputEvents = YES;
				INFOPLIST_KEY_UILaunchScreen_Generation = YES;
				INFOPLIST_KEY_UISupportedInterfaceOrientations_iPad = "UIInterfaceOrientationPortrait UIInterfaceOrientationPortraitUpsideDown UIInterfaceOrientationLandscapeLeft UIInterfaceOrientationLandscapeRight";
				INFOPLIST_KEY_UISupportedInterfaceOrientations_iPhone = "UIInterfaceOrientationPortrait UIInterfaceOrientationLandscapeLeft UIInterfaceOrientationLandscapeRight";
				LD_RUNPATH_SEARCH_PATHS = (
					"$(inherited)",
					"@executable_path/Frameworks",
				);
				MARKETING_VERSION = 1.0;
				PRODUCT_BUNDLE_IDENTIFIER = "tap.fancy.Tap-fancy";
				PRODUCT_NAME = "$(TARGET_NAME)";
				SWIFT_EMIT_LOC_STRINGS = YES;
				SWIFT_VERSION = 5.0;
				TARGETED_DEVICE_FAMILY = "1,2";
			};
			name = Debug;
		};
		9F622F3F2FDC5C8B00324505 /* Release */ = {
			isa = XCBuildConfiguration;
			buildSettings = {
				ASSETCATALOG_COMPILER_APPICON_NAME = AppIcon;
				ASSETCATALOG_COMPILER_GLOBAL_ACCENT_COLOR_NAME = AccentColor;
				CODE_SIGN_STYLE = Automatic;
				CURRENT_PROJECT_VERSION = 1;
				DEVELOPMENT_ASSET_PATHS = "\"Tap fancy/Preview Content\"";
				DEVELOPMENT_TEAM = 3D3KVDMTWG;
				ENABLE_PREVIEWS = YES;
				GENERATE_INFOPLIST_FILE = YES;
				INFOPLIST_KEY_UIApplicationSceneManifest_Generation = YES;
				INFOPLIST_KEY_UIApplicationSupportsIndirectInputEvents = YES;
				INFOPLIST_KEY_UILaunchScreen_Generation = YES;
				INFOPLIST_KEY_UISupportedInterfaceOrientations_iPad = "UIInterfaceOrientationPortrait UIInterfaceOrientationPortraitUpsideDown UIInterfaceOrientationLandscapeLeft UIInterfaceOrientationLandscapeRight";
				INFOPLIST_KEY_UISupportedInterfaceOrientations_iPhone = "UIInterfaceOrientationPortrait UIInterfaceOrientationLandscapeLeft UIInterfaceOrientationLandscapeRight";
				LD_RUNPATH_SEARCH_PATHS = (
					"$(inherited)",
					"@executable_path/Frameworks",
				);
				MARKETING_VERSION = 1.0;
				PRODUCT_BUNDLE_IDENTIFIER = "tap.fancy.Tap-fancy";
				PRODUCT_NAME = "$(TARGET_NAME)";
				SWIFT_EMIT_LOC_STRINGS = YES;
				SWIFT_VERSION = 5.0;
				TARGETED_DEVICE_FAMILY = "1,2";
			};
			name = Release;
		};
		9F622F412FDC5C8B00324505 /* Debug */ = {
			isa = XCBuildConfiguration;
			buildSettings = {
				ALWAYS_EMBED_SWIFT_STANDARD_LIBRARIES = YES;
				BUNDLE_LOADER = "$(TEST_HOST)";
				CODE_SIGN_STYLE = Automatic;
				CURRENT_PROJECT_VERSION = 1;
				DEVELOPMENT_TEAM = 3D3KVDMTWG;
				GENERATE_INFOPLIST_FILE = YES;
				IPHONEOS_DEPLOYMENT_TARGET = 17.2;
				MARKETING_VERSION = 1.0;
				PRODUCT_BUNDLE_IDENTIFIER = "tap.fancy.Tap-fancyTests";
				PRODUCT_NAME = "$(TARGET_NAME)";
				SWIFT_EMIT_LOC_STRINGS = NO;
				SWIFT_VERSION = 5.0;
				TARGETED_DEVICE_FAMILY = "1,2";
				TEST_HOST = "$(BUILT_PRODUCTS_DIR)/Tap fancy.app/$(BUNDLE_EXECUTABLE_FOLDER_PATH)/Tap fancy";
			};
			name = Debug;
		};
		9F622F422FDC5C8B00324505 /* Release */ = {
			isa = XCBuildConfiguration;
			buildSettings = {
				ALWAYS_EMBED_SWIFT_STANDARD_LIBRARIES = YES;
				BUNDLE_LOADER = "$(TEST_HOST)";
				CODE_SIGN_STYLE = Automatic;
				CURRENT_PROJECT_VERSION = 1;
				DEVELOPMENT_TEAM = 3D3KVDMTWG;
				GENERATE_INFOPLIST_FILE = YES;
				IPHONEOS_DEPLOYMENT_TARGET = 17.2;
				MARKETING_VERSION = 1.0;
				PRODUCT_BUNDLE_IDENTIFIER = "tap.fancy.Tap-fancyTests";
				PRODUCT_NAME = "$(TARGET_NAME)";
				SWIFT_EMIT_LOC_STRINGS = NO;
				SWIFT_VERSION = 5.0;
				TARGETED_DEVICE_FAMILY = "1,2";
				TEST_HOST = "$(BUILT_PRODUCTS_DIR)/Tap fancy.app/$(BUNDLE_EXECUTABLE_FOLDER_PATH)/Tap fancy";
			};
			name = Release;
		};
		9F622F442FDC5C8B00324505 /* Debug */ = {
			isa = XCBuildConfiguration;
			buildSettings = {
				ALWAYS_EMBED_SWIFT_STANDARD_LIBRARIES = YES;
				CODE_SIGN_STYLE = Automatic;
				CURRENT_PROJECT_VERSION = 1;
				DEVELOPMENT_TEAM = 3D3KVDMTWG;
				GENERATE_INFOPLIST_FILE = YES;
				MARKETING_VERSION = 1.0;
				PRODUCT_BUNDLE_IDENTIFIER = "tap.fancy.Tap-fancyUITests";
				PRODUCT_NAME = "$(TARGET_NAME)";
				SWIFT_EMIT_LOC_STRINGS = NO;
				SWIFT_VERSION = 5.0;
				TARGETED_DEVICE_FAMILY = "1,2";
				TEST_TARGET_NAME = "Tap fancy";
			};
			name = Debug;
		};
		9F622F452FDC5C8B00324505 /* Release */ = {
			isa = XCBuildConfiguration;
			buildSettings = {
				ALWAYS_EMBED_SWIFT_STANDARD_LIBRARIES = YES;
				CODE_SIGN_STYLE = Automatic;
				CURRENT_PROJECT_VERSION = 1;
				DEVELOPMENT_TEAM = 3D3KVDMTWG;
				GENERATE_INFOPLIST_FILE = YES;
				MARKETING_VERSION = 1.0;
				PRODUCT_BUNDLE_IDENTIFIER = "tap.fancy.Tap-fancyUITests";
				PRODUCT_NAME = "$(TARGET_NAME)";
				SWIFT_EMIT_LOC_STRINGS = NO;
				SWIFT_VERSION = 5.0;
				TARGETED_DEVICE_FAMILY = "1,2";
				TEST_TARGET_NAME = "Tap fancy";
			};
			name = Release;
		};
/* End XCBuildConfiguration section */

/* Begin XCConfigurationList section */
		9F622F142FDC5C8000324505 /* Build configuration list for PBXProject "Tap fancy" */ = {
			isa = XCConfigurationList;
			buildConfigurations = (
				9F622F3B2FDC5C8B00324505 /* Debug */,
				9F622F3C2FDC5C8B00324505 /* Release */,
			);
			defaultConfigurationIsVisible = 0;
			defaultConfigurationName = Release;
		};
		9F622F3D2FDC5C8B00324505 /* Build configuration list for PBXNativeTarget "Tap fancy" */ = {
			isa = XCConfigurationList;
			buildConfigurations = (
				9F622F3E2FDC5C8B00324505 /* Debug */,
				9F622F3F2FDC5C8B00324505 /* Release */,
			);
			defaultConfigurationIsVisible = 0;
			defaultConfigurationName = Release;
		};
		9F622F402FDC5C8B00324505 /* Build configuration list for PBXNativeTarget "Tap fancyTests" */ = {
			isa = XCConfigurationList;
			buildConfigurations = (
				9F622F412FDC5C8B00324505 /* Debug */,
				9F622F422FDC5C8B00324505 /* Release */,
			);
			defaultConfigurationIsVisible = 0;
			defaultConfigurationName = Release;
		};
		9F622F432FDC5C8B00324505 /* Build configuration list for PBXNativeTarget "Tap fancyUITests" */ = {
			isa = XCConfigurationList;
			buildConfigurations = (
				9F622F442FDC5C8B00324505 /* Debug */,
				9F622F452FDC5C8B00324505 /* Release */,
			);
			defaultConfigurationIsVisible = 0;
			defaultConfigurationName = Release;
		};
/* End XCConfigurationList section */
	};
	rootObject = 9F622F112FDC5C8000324505 /* Project object */;
}
